{
  "nodes": {
    "nix": {
      "flake": false,
      "locked": {
        "lastModified": 1770406214,
        "narHash": "sha256-5aH3xppfBs8j6P7A2wq8WQ05yJvlL7x0gQbWk4RN5eY=",
        "owner": "NixOS",
        "repo": "nix",
        "rev": "ebd7b8f6ed0ba7199e950be569db6f0182157555",
        "type": "github"
      },
      "original": {
        "owner": "NixOS",
        "ref": "2.32-maintenance",
        "repo": "nix",
        "type": "github"
      }
    },
    "nix-eval-jobs": {
      "flake": false,
      "locked": {
        "lastModified": 1760478325,
        "narHash": "sha256-hA+NOH8KDcsuvH7vJqSwk74PyZP3MtvI/l+CggZcnTc=",
        "owner": "nix-community",
        "repo": "nix-eval-jobs",
        "rev": "daa42f9e9c84aeff1e325dd50fda321f53dfd02c",
        "type": "github"
      },
      "original": {
        "owner": "nix-community",
        "ref": "v2.32.1",
        "repo": "nix-eval-jobs",
        "type": "github"
      }
    },
    "nixpkgs": {
      "locked": {
        "lastModified": 1771151655,
        "narHash": "sha256-vU2GXgAXkVwC5wbmPvt9iCf2MnMqr3P2un0euDAvGJ0=",
        "owner": "NixOS",
        "repo": "nixpkgs",
        "rev": "2594032e2ed39e048f30c7b16d623a545fac4b05",
        "type": "github"
      },
      "original": {
        "owner": "NixOS",
        "ref": "nixos-25.11-small",
        "repo": "nixpkgs",
        "type": "github"
      }
    },
    "root": {
      "inputs": {
        "nix": "nix",
        "nix-eval-jobs": "nix-eval-jobs",
        "nixpkgs": "nixpkgs"
      }
    }
  },
  "root": "root",
  "version": 7
}
